
Microsoft Visual Studio Solution File, Format Version 12.00
# Visual Studio Version 17
VisualStudioVersion = 17.5.33627.172
MinimumVisualStudioVersion = 10.0.40219.1
Project("{FAE04EC0-301F-11D3-BF4B-00C04F79EFBC}") = "Custodian.Claims", "Custodian.Claims\Custodian.Claims.csproj", "{33619929-47DE-4707-B58F-C30CED4ACF3E}"
EndProject
Global
	GlobalSection(SolutionConfigurationPlatforms) = preSolution
		Debug|Any CPU = Debug|Any CPU
		Release|Any CPU = Release|Any CPU
	EndGlobalSection
	GlobalSection(ProjectConfigurationPlatforms) = postSolution
		{33619929-47DE-4707-B58F-C30CED4ACF3E}.Debug|Any CPU.ActiveCfg = Debug|Any CPU
		{33619929-47DE-4707-B58F-C30CED4ACF3E}.Debug|Any CPU.Build.0 = Debug|Any CPU
		{33619929-47DE-4707-B58F-C30CED4ACF3E}.Release|Any CPU.ActiveCfg = Release|Any CPU
		{33619929-47DE-4707-B58F-C30CED4ACF3E}.Release|Any CPU.Build.0 = Release|Any CPU
	EndGlobalSection
	GlobalSection(SolutionProperties) = preSolution
		HideSolutionNode = FALSE
	EndGlobalSection
	GlobalSection(ExtensibilityGlobals) = postSolution
		SolutionGuid = {FD9FA5D5-EEB6-46F8-8214-DDD4147AEF80}
	EndGlobalSection
EndGlobal
